
Microsoft Visual Studio Solution File, Format Version 12.00
# Visual Studio Version 17
VisualStudioVersion = 17.7.34024.191
MinimumVisualStudioVersion = 10.0.40219.1
Project("{9A19103F-16F7-4668-BE54-9A1E7A4F7556}") = "Taschenrechner", "Taschenrechner\Taschenrechner.csproj", "{BAD3E8CF-A293-4DE0-88F1-EFB5363BCBB0}"
EndProject
Project("{9A19103F-16F7-4668-BE54-9A1E7A4F7556}") = "Schleifen", "Schleifen\Schleifen.csproj", "{17D2CE84-2C35-405E-954E-E999B11855A1}"
EndProject
Project("{9A19103F-16F7-4668-BE54-9A1E7A4F7556}") = "Kontrollstrukturen", "Kontrollstrukturen\Kontrollstrukturen.csproj", "{4DCFE00E-3442-4B5D-AEEC-5CE4FB86482B}"
EndProject
Project("{FAE04EC0-301F-11D3-BF4B-00C04F79EFBC}") = "Function", "Function\Function.csproj", "{64BAC171-B2F0-40F0-87C8-528EC642729E}"
EndProject
Global
	GlobalSection(SolutionConfigurationPlatforms) = preSolution
		Debug|Any CPU = Debug|Any CPU
		Release|Any CPU = Release|Any CPU
	EndGlobalSection
	GlobalSection(ProjectConfigurationPlatforms) = postSolution
		{BAD3E8CF-A293-4DE0-88F1-EFB5363BCBB0}.Debug|Any CPU.ActiveCfg = Debug|Any CPU
		{BAD3E8CF-A293-4DE0-88F1-EFB5363BCBB0}.Debug|Any CPU.Build.0 = Debug|Any CPU
		{BAD3E8CF-A293-4DE0-88F1-EFB5363BCBB0}.Release|Any CPU.ActiveCfg = Release|Any CPU
		{BAD3E8CF-A293-4DE0-88F1-EFB5363BCBB0}.Release|Any CPU.Build.0 = Release|Any CPU
		{17D2CE84-2C35-405E-954E-E999B11855A1}.Debug|Any CPU.ActiveCfg = Debug|Any CPU
		{17D2CE84-2C35-405E-954E-E999B11855A1}.Debug|Any CPU.Build.0 = Debug|Any CPU
		{17D2CE84-2C35-405E-954E-E999B11855A1}.Release|Any CPU.ActiveCfg = Release|Any CPU
		{17D2CE84-2C35-405E-954E-E999B11855A1}.Release|Any CPU.Build.0 = Release|Any CPU
		{4DCFE00E-3442-4B5D-AEEC-5CE4FB86482B}.Debug|Any CPU.ActiveCfg = Debug|Any CPU
		{4DCFE00E-3442-4B5D-AEEC-5CE4FB86482B}.Debug|Any CPU.Build.0 = Debug|Any CPU
		{4DCFE00E-3442-4B5D-AEEC-5CE4FB86482B}.Release|Any CPU.ActiveCfg = Release|Any CPU
		{4DCFE00E-3442-4B5D-AEEC-5CE4FB86482B}.Release|Any CPU.Build.0 = Release|Any CPU
		{64BAC171-B2F0-40F0-87C8-528EC642729E}.Debug|Any CPU.ActiveCfg = Debug|Any CPU
		{64BAC171-B2F0-40F0-87C8-528EC642729E}.Debug|Any CPU.Build.0 = Debug|Any CPU
		{64BAC171-B2F0-40F0-87C8-528EC642729E}.Release|Any CPU.ActiveCfg = Release|Any CPU
		{64BAC171-B2F0-40F0-87C8-528EC642729E}.Release|Any CPU.Build.0 = Release|Any CPU
	EndGlobalSection
	GlobalSection(SolutionProperties) = preSolution
		HideSolutionNode = FALSE
	EndGlobalSection
	GlobalSection(ExtensibilityGlobals) = postSolution
		SolutionGuid = {521C4EA6-973B-45F1-AC17-BFE1AC6F72BE}
	EndGlobalSection
EndGlobal
